<Solution>
	<Folder Name="/ExternalItems/">
		<File Path="Directory.Packages.props" />
		<File Path="dotnet-tools.json" />
	</Folder>
	<Folder Name="/src/">
		<Project Path="src/CngConverter/CngConverter.csproj" />
		<Project Path="src/PostgresBuilder/PostgresBuilder.csproj" />
	</Folder>
</Solution>
